{
    "_meta": {
        "hash": {
            "sha256": "0a1b2230c26bf91ae10682c3dc3946dad6dbfda334ed6f55063e0f55fdd1e86e"
        },
        "pipfile-spec": 6,
        "requires": {
            "python_version": "3.11"
        },
        "sources": [
            {
                "name": "pypi",
                "url": "https://pypi.org/simple",
                "verify_ssl": true
            }
        ]
    },
    "default": {},
    "develop": {}
}
